
Microsoft Visual Studio Solution File, Format Version 12.00
# Visual Studio Version 17
VisualStudioVersion = 17.3.32825.248
MinimumVisualStudioVersion = 10.0.40219.1
Project("{9A19103F-16F7-4668-BE54-9A1E7A4F7556}") = "HotelManagement.API", "HotelManagement.API\HotelManagement.API.csproj", "{D5EB0C8E-E5CC-4A11-A4A9-DD1F952840D9}"
EndProject
Project("{9A19103F-16F7-4668-BE54-9A1E7A4F7556}") = "HotelManagement.Models", "HotelManagement.Models\HotelManagement.Models.csproj", "{D53778AB-ED8D-4BFC-B994-894E2755E9A0}"
EndProject
Project("{9A19103F-16F7-4668-BE54-9A1E7A4F7556}") = "HotelManagement.Services", "HotelManagement.Services\HotelManagement.Services.csproj", "{C806C29C-954F-47B5-AE28-588D86DCA940}"
EndProject
Project("{9A19103F-16F7-4668-BE54-9A1E7A4F7556}") = "HotelManagement.Utils", "HotelManagement.Utils\HotelManagement.Utils.csproj", "{DC929CE6-F1A0-4DEC-AB09-F172040DD89E}"
EndProject
Project("{9A19103F-16F7-4668-BE54-9A1E7A4F7556}") = "HotelManagement.Repository", "HotelManagement.Repository\HotelManagement.Repository.csproj", "{3D2FE585-FE97-448C-BCF1-386304D205D0}"
EndProject
Global
	GlobalSection(SolutionConfigurationPlatforms) = preSolution
		Debug|Any CPU = Debug|Any CPU
		Release|Any CPU = Release|Any CPU
	EndGlobalSection
	GlobalSection(ProjectConfigurationPlatforms) = postSolution
		{D5EB0C8E-E5CC-4A11-A4A9-DD1F952840D9}.Debug|Any CPU.ActiveCfg = Debug|Any CPU
		{D5EB0C8E-E5CC-4A11-A4A9-DD1F952840D9}.Debug|Any CPU.Build.0 = Debug|Any CPU
		{D5EB0C8E-E5CC-4A11-A4A9-DD1F952840D9}.Release|Any CPU.ActiveCfg = Release|Any CPU
		{D5EB0C8E-E5CC-4A11-A4A9-DD1F952840D9}.Release|Any CPU.Build.0 = Release|Any CPU
		{D53778AB-ED8D-4BFC-B994-894E2755E9A0}.Debug|Any CPU.ActiveCfg = Debug|Any CPU
		{D53778AB-ED8D-4BFC-B994-894E2755E9A0}.Debug|Any CPU.Build.0 = Debug|Any CPU
		{D53778AB-ED8D-4BFC-B994-894E2755E9A0}.Release|Any CPU.ActiveCfg = Release|Any CPU
		{D53778AB-ED8D-4BFC-B994-894E2755E9A0}.Release|Any CPU.Build.0 = Release|Any CPU
		{C806C29C-954F-47B5-AE28-588D86DCA940}.Debug|Any CPU.ActiveCfg = Debug|Any CPU
		{C806C29C-954F-47B5-AE28-588D86DCA940}.Debug|Any CPU.Build.0 = Debug|Any CPU
		{C806C29C-954F-47B5-AE28-588D86DCA940}.Release|Any CPU.ActiveCfg = Release|Any CPU
		{C806C29C-954F-47B5-AE28-588D86DCA940}.Release|Any CPU.Build.0 = Release|Any CPU
		{DC929CE6-F1A0-4DEC-AB09-F172040DD89E}.Debug|Any CPU.ActiveCfg = Debug|Any CPU
		{DC929CE6-F1A0-4DEC-AB09-F172040DD89E}.Debug|Any CPU.Build.0 = Debug|Any CPU
		{DC929CE6-F1A0-4DEC-AB09-F172040DD89E}.Release|Any CPU.ActiveCfg = Release|Any CPU
		{DC929CE6-F1A0-4DEC-AB09-F172040DD89E}.Release|Any CPU.Build.0 = Release|Any CPU
		{3D2FE585-FE97-448C-BCF1-386304D205D0}.Debug|Any CPU.ActiveCfg = Debug|Any CPU
		{3D2FE585-FE97-448C-BCF1-386304D205D0}.Debug|Any CPU.Build.0 = Debug|Any CPU
		{3D2FE585-FE97-448C-BCF1-386304D205D0}.Release|Any CPU.ActiveCfg = Release|Any CPU
		{3D2FE585-FE97-448C-BCF1-386304D205D0}.Release|Any CPU.Build.0 = Release|Any CPU
	EndGlobalSection
	GlobalSection(SolutionProperties) = preSolution
		HideSolutionNode = FALSE
	EndGlobalSection
	GlobalSection(ExtensibilityGlobals) = postSolution
		SolutionGuid = {285E1B2B-85B9-4AEF-88F7-E0C64399276A}
	EndGlobalSection
EndGlobal
